<?xml version="1.0" encoding="utf-8"?>
<Project ToolsVersion="4.0" xmlns="http://schemas.microsoft.com/developer/msbuild/2003">
  <ItemGroup>
    <Filter Include="源文件">
      <UniqueIdentifier>{4FC737F1-C7A5-4376-A066-2A32D752A2FF}</UniqueIdentifier>
      <Extensions>cpp;c;cc;cxx;c++;cppm;ixx;def;odl;idl;hpj;bat;asm;asmx</Extensions>
    </Filter>
    <Filter Include="头文件">
      <UniqueIdentifier>{93995380-89BD-4b04-88EB-625FBE52EBFB}</UniqueIdentifier>
      <Extensions>h;hh;hpp;hxx;h++;hm;inl;inc;ipp;xsd</Extensions>
    </Filter>
    <Filter Include="资源文件">
      <UniqueIdentifier>{67DA6AB6-F800-4c08-8B7A-83BB121AAD01}</UniqueIdentifier>
      <Extensions>rc;ico;cur;bmp;dlg;rc2;rct;bin;rgs;gif;jpg;jpeg;jpe;resx;tiff;tif;png;wav;mfcribbon-ms</Extensions>
    </Filter>
  </ItemGroup>
  <ItemGroup>
    <ClCompile Include="mcts.cpp">
      <Filter>源文件</Filter>
    </ClCompile>
    <ClCompile Include="daggen_commons.cpp">
      <Filter>源文件</Filter>
    </ClCompile>
    <ClCompile Include="getopt.c">
      <Filter>源文件</Filter>
    </ClCompile>
    <ClCompile Include="main.cpp">
      <Filter>源文件</Filter>
    </ClCompile>
    <ClCompile Include="test.cpp">
      <Filter>源文件</Filter>
    </ClCompile>
    <ClCompile Include="brute_force.cpp">
      <Filter>源文件</Filter>
    </ClCompile>
    <ClCompile Include="cefo.cpp">
      <Filter>源文件</Filter>
    </ClCompile>
    <ClCompile Include="pheft.cpp">
      <Filter>源文件</Filter>
    </ClCompile>
    <ClCompile Include="mcts_queuing.cpp">
      <Filter>源文件</Filter>
    </ClCompile>
    <ClCompile Include="cofe_eft.cpp">
      <Filter>源文件</Filter>
    </ClCompile>
  </ItemGroup>
  <ItemGroup>
    <ClInclude Include="getopt.h">
      <Filter>头文件</Filter>
    </ClInclude>
    <ClInclude Include="tailor.h">
      <Filter>头文件</Filter>
    </ClInclude>
    <ClInclude Include="mcts.h">
      <Filter>头文件</Filter>
    </ClInclude>
    <ClInclude Include="daggen_commons.h">
      <Filter>头文件</Filter>
    </ClInclude>
    <ClInclude Include="brute_force.h">
      <Filter>头文件</Filter>
    </ClInclude>
    <ClInclude Include="cefo.h">
      <Filter>头文件</Filter>
    </ClInclude>
    <ClInclude Include="pheft.h">
      <Filter>头文件</Filter>
    </ClInclude>
    <ClInclude Include="mcts_queuing.h">
      <Filter>头文件</Filter>
    </ClInclude>
    <ClInclude Include="cofe_eft.h">
      <Filter>头文件</Filter>
    </ClInclude>
  </ItemGroup>
  <ItemGroup>
    <Text Include="bandwidth.txt">
      <Filter>资源文件</Filter>
    </Text>
    <Text Include="processor.txt">
      <Filter>资源文件</Filter>
    </Text>
    <Text Include="output_file.txt">
      <Filter>资源文件</Filter>
    </Text>
    <Text Include="fp_result.txt">
      <Filter>资源文件</Filter>
    </Text>
  </ItemGroup>
</Project>